
Microsoft Visual Studio Solution File, Format Version 12.00
# Visual Studio Version 17
VisualStudioVersion = 17.10.35122.118
MinimumVisualStudioVersion = 10.0.40219.1
Project("{F184B08F-C81C-45F6-A57F-5ABD9991F28F}") = "CaptchaGenerator", "Lab2_ISCCap\CaptchaGenerator.vbproj", "{A74A8C4F-F4FD-4677-A86D-83BCEE03AC49}"
EndProject
Global
	GlobalSection(SolutionConfigurationPlatforms) = preSolution
		Debug|Any CPU = Debug|Any CPU
		Release|Any CPU = Release|Any CPU
	EndGlobalSection
	GlobalSection(ProjectConfigurationPlatforms) = postSolution
		{A74A8C4F-F4FD-4677-A86D-83BCEE03AC49}.Debug|Any CPU.ActiveCfg = Debug|Any CPU
		{A74A8C4F-F4FD-4677-A86D-83BCEE03AC49}.Debug|Any CPU.Build.0 = Debug|Any CPU
		{A74A8C4F-F4FD-4677-A86D-83BCEE03AC49}.Release|Any CPU.ActiveCfg = Release|Any CPU
		{A74A8C4F-F4FD-4677-A86D-83BCEE03AC49}.Release|Any CPU.Build.0 = Release|Any CPU
	EndGlobalSection
	GlobalSection(SolutionProperties) = preSolution
		HideSolutionNode = FALSE
	EndGlobalSection
	GlobalSection(ExtensibilityGlobals) = postSolution
		SolutionGuid = {FC7527BE-9CA3-4F9D-AB5E-C1F85C50D77A}
	EndGlobalSection
EndGlobal
